
Microsoft Visual Studio Solution File, Format Version 12.00
# Visual Studio Version 16
VisualStudioVersion = 16.0.31005.135
MinimumVisualStudioVersion = 10.0.40219.1
Project("{FAE04EC0-301F-11D3-BF4B-00C04F79EFBC}") = "HW_07.Task_01", "HW_07.Task_01.csproj", "{019D9E34-E925-4B7F-ACC9-2BA9DC473F73}"
EndProject
Global
	GlobalSection(SolutionConfigurationPlatforms) = preSolution
		Debug|Any CPU = Debug|Any CPU
		Release|Any CPU = Release|Any CPU
	EndGlobalSection
	GlobalSection(ProjectConfigurationPlatforms) = postSolution
		{019D9E34-E925-4B7F-ACC9-2BA9DC473F73}.Debug|Any CPU.ActiveCfg = Debug|Any CPU
		{019D9E34-E925-4B7F-ACC9-2BA9DC473F73}.Debug|Any CPU.Build.0 = Debug|Any CPU
		{019D9E34-E925-4B7F-ACC9-2BA9DC473F73}.Release|Any CPU.ActiveCfg = Release|Any CPU
		{019D9E34-E925-4B7F-ACC9-2BA9DC473F73}.Release|Any CPU.Build.0 = Release|Any CPU
	EndGlobalSection
	GlobalSection(SolutionProperties) = preSolution
		HideSolutionNode = FALSE
	EndGlobalSection
	GlobalSection(ExtensibilityGlobals) = postSolution
		SolutionGuid = {FA0BB13A-C125-40C7-B63A-6CCB39553718}
	EndGlobalSection
EndGlobal
